
Microsoft Visual Studio Solution File, Format Version 12.00
# Visual Studio Version 17
VisualStudioVersion = 17.5.002.0
MinimumVisualStudioVersion = 10.0.40219.1
Project("{9A19103F-16F7-4668-BE54-9A1E7A4F7556}") = "walking-robot-simulation", "walking-robot-simulation.csproj", "{672B9932-3696-40C2-9BE4-C7B98268876B}"
EndProject
Global
	GlobalSection(SolutionConfigurationPlatforms) = preSolution
		Debug|Any CPU = Debug|Any CPU
		Release|Any CPU = Release|Any CPU
	EndGlobalSection
	GlobalSection(ProjectConfigurationPlatforms) = postSolution
		{672B9932-3696-40C2-9BE4-C7B98268876B}.Debug|Any CPU.ActiveCfg = Debug|Any CPU
		{672B9932-3696-40C2-9BE4-C7B98268876B}.Debug|Any CPU.Build.0 = Debug|Any CPU
		{672B9932-3696-40C2-9BE4-C7B98268876B}.Release|Any CPU.ActiveCfg = Release|Any CPU
		{672B9932-3696-40C2-9BE4-C7B98268876B}.Release|Any CPU.Build.0 = Release|Any CPU
	EndGlobalSection
	GlobalSection(SolutionProperties) = preSolution
		HideSolutionNode = FALSE
	EndGlobalSection
	GlobalSection(ExtensibilityGlobals) = postSolution
		SolutionGuid = {91620985-93EB-4277-B832-AD0AB3AA520F}
	EndGlobalSection
EndGlobal
